// !$*UTF8*$!
{
	archiveVersion = 1;
	classes = {
	};
	objectVersion = 51;
	objects = {

/* Begin PBXBuildFile section */
		31E71F054DED916D97D7449D /* Pods_Best_Lifter.framework in Frameworks */ = {isa = PBXBuildFile; fileRef = 4C27A70DF5E70D380147A912 /* Pods_Best_Lifter.framework */; };
		89089DD7263D3B1B008E3DD8 /* UserInfo.swift in Sources */ = {isa = PBXBuildFile; fileRef = 89089DD6263D3B1B008E3DD8 /* UserInfo.swift */; };
		89089DDB263D3C50008E3DD8 /* ProfileViewModel.swift in Sources */ = {isa = PBXBuildFile; fileRef = 89089DDA263D3C50008E3DD8 /* ProfileViewModel.swift */; };
		89089DE0263D4312008E3DD8 /* RegisterInfo.swift in Sources */ = {isa = PBXBuildFile; fileRef = 89089DDF263D4312008E3DD8 /* RegisterInfo.swift */; };
		891873E0266D29DC00B41B6A /* RecordsView.swift in Sources */ = {isa = PBXBuildFile; fileRef = 891873DF266D29DC00B41B6A /* RecordsView.swift */; };
		891873E2266D49BD00B41B6A /* BatPathAnalyser.swift in Sources */ = {isa = PBXBuildFile; fileRef = 891873E1266D49BD00B41B6A /* BatPathAnalyser.swift */; };
		891873E4266D4A9000B41B6A /* MediaPicker.swift in Sources */ = {isa = PBXBuildFile; fileRef = 891873E3266D4A9000B41B6A /* MediaPicker.swift */; };
		891873E8266D5A9F00B41B6A /* CommonTypes.swift in Sources */ = {isa = PBXBuildFile; fileRef = 891873E7266D5A9F00B41B6A /* CommonTypes.swift */; };
		891873EA266D5C0400B41B6A /* BatPathAnalyserViewModel.swift in Sources */ = {isa = PBXBuildFile; fileRef = 891873E9266D5C0400B41B6A /* BatPathAnalyserViewModel.swift */; };
		892CB712264F8A72000D08F5 /* Network.swift in Sources */ = {isa = PBXBuildFile; fileRef = 892CB711264F8A72000D08F5 /* Network.swift */; };
		892CB714264F8A95000D08F5 /* Location.swift in Sources */ = {isa = PBXBuildFile; fileRef = 892CB713264F8A95000D08F5 /* Location.swift */; };
		89317E3D263BFD9400CCA7C9 /* Program.swift in Sources */ = {isa = PBXBuildFile; fileRef = 89317E3C263BFD9400CCA7C9 /* Program.swift */; };
		89408C3A26812C3C00ABF422 /* BarChartView.swift in Sources */ = {isa = PBXBuildFile; fileRef = 89408C3626812C3C00ABF422 /* BarChartView.swift */; };
		89408C3B26812C3C00ABF422 /* BarChartRow.swift in Sources */ = {isa = PBXBuildFile; fileRef = 89408C3726812C3C00ABF422 /* BarChartRow.swift */; };
		89408C3C26812C3C00ABF422 /* LabelView.swift in Sources */ = {isa = PBXBuildFile; fileRef = 89408C3826812C3C00ABF422 /* LabelView.swift */; };
		89408C3D26812C3C00ABF422 /* BarChartCell.swift in Sources */ = {isa = PBXBuildFile; fileRef = 89408C3926812C3C00ABF422 /* BarChartCell.swift */; };
		89408C3F26812C4400ABF422 /* Helpers.swift in Sources */ = {isa = PBXBuildFile; fileRef = 89408C3E26812C4400ABF422 /* Helpers.swift */; };
		89408C4926812C4800ABF422 /* IndicatorPoint.swift in Sources */ = {isa = PBXBuildFile; fileRef = 89408C4126812C4800ABF422 /* IndicatorPoint.swift */; };
		89408C4A26812C4800ABF422 /* LineView.swift in Sources */ = {isa = PBXBuildFile; fileRef = 89408C4226812C4800ABF422 /* LineView.swift */; };
		89408C4B26812C4800ABF422 /* Legend.swift in Sources */ = {isa = PBXBuildFile; fileRef = 89408C4326812C4800ABF422 /* Legend.swift */; };
		89408C4C26812C4800ABF422 /* LineChartView.swift in Sources */ = {isa = PBXBuildFile; fileRef = 89408C4426812C4800ABF422 /* LineChartView.swift */; };
		89408C4D26812C4800ABF422 /* MagnifierRect.swift in Sources */ = {isa = PBXBuildFile; fileRef = 89408C4526812C4800ABF422 /* MagnifierRect.swift */; };
		89408C4E26812C4800ABF422 /* Path+QuadCurve.swift in Sources */ = {isa = PBXBuildFile; fileRef = 89408C4626812C4800ABF422 /* Path+QuadCurve.swift */; };
		89408C4F26812C4800ABF422 /* MultiLineChartView.swift in Sources */ = {isa = PBXBuildFile; fileRef = 89408C4726812C4800ABF422 /* MultiLineChartView.swift */; };
		89408C5026812C4800ABF422 /* Line.swift in Sources */ = {isa = PBXBuildFile; fileRef = 89408C4826812C4800ABF422 /* Line.swift */; };
		89408C5626812C4E00ABF422 /* PieChartRow.swift in Sources */ = {isa = PBXBuildFile; fileRef = 89408C5226812C4E00ABF422 /* PieChartRow.swift */; };
		89408C5726812C4E00ABF422 /* PieChartHelpers.swift in Sources */ = {isa = PBXBuildFile; fileRef = 89408C5326812C4E00ABF422 /* PieChartHelpers.swift */; };
		89408C5826812C4E00ABF422 /* PieChartCell.swift in Sources */ = {isa = PBXBuildFile; fileRef = 89408C5426812C4E00ABF422 /* PieChartCell.swift */; };
		89408C5926812C4E00ABF422 /* PieChartView.swift in Sources */ = {isa = PBXBuildFile; fileRef = 89408C5526812C4E00ABF422 /* PieChartView.swift */; };
		89423172262DB39700AA65A7 /* Profile.swift in Sources */ = {isa = PBXBuildFile; fileRef = 89423171262DB39700AA65A7 /* Profile.swift */; };
		89423175262DB39D00AA65A7 /* Workout.swift in Sources */ = {isa = PBXBuildFile; fileRef = 89423174262DB39D00AA65A7 /* Workout.swift */; };
		89423178262DB3A100AA65A7 /* Diet.swift in Sources */ = {isa = PBXBuildFile; fileRef = 89423177262DB3A100AA65A7 /* Diet.swift */; };
		8942317B262DB3A600AA65A7 /* Rank.swift in Sources */ = {isa = PBXBuildFile; fileRef = 8942317A262DB3A600AA65A7 /* Rank.swift */; };
		894AA7CC263FDEEC00C6A320 /* OnWorkoutViewModel.swift in Sources */ = {isa = PBXBuildFile; fileRef = 894AA7CB263FDEEC00C6A320 /* OnWorkoutViewModel.swift */; };
		895854972648D7820070EC43 /* OnDietViewModel.swift in Sources */ = {isa = PBXBuildFile; fileRef = 895854962648D7820070EC43 /* OnDietViewModel.swift */; };
		8958549926490B270070EC43 /* AddDiet.swift in Sources */ = {isa = PBXBuildFile; fileRef = 8958549826490B270070EC43 /* AddDiet.swift */; };
		896CC11C264516CF008DB9DC /* OnworkoutTimerModel.swift in Sources */ = {isa = PBXBuildFile; fileRef = 896CC11B264516CF008DB9DC /* OnworkoutTimerModel.swift */; };
		89803F2D262DDF4500D4F7A8 /* OnWorkOut.swift in Sources */ = {isa = PBXBuildFile; fileRef = 89803F2C262DDF4500D4F7A8 /* OnWorkOut.swift */; };
		89808A01265E645A00DAB15D /* NetworkTest.swift in Sources */ = {isa = PBXBuildFile; fileRef = 89808A00265E645A00DAB15D /* NetworkTest.swift */; };
		8984C482261EAA1A00B1474C /* Main.swift in Sources */ = {isa = PBXBuildFile; fileRef = 8984C481261EAA1A00B1474C /* Main.swift */; };
		89865DDF26301FCF006171DD /* OnDiet.swift in Sources */ = {isa = PBXBuildFile; fileRef = 89865DDE26301FCF006171DD /* OnDiet.swift */; };
		8987DB39264B7295006595EB /* DietViewModel.swift in Sources */ = {isa = PBXBuildFile; fileRef = 8987DB38264B7295006595EB /* DietViewModel.swift */; };
		89A86509265AEA830005E4FC /* CoreDataManager.swift in Sources */ = {isa = PBXBuildFile; fileRef = 89A86508265AEA830005E4FC /* CoreDataManager.swift */; };
		89B0E716265FEE3C00069112 /* JSON.swift in Sources */ = {isa = PBXBuildFile; fileRef = 89B0E715265FEE3C00069112 /* JSON.swift */; };
		89B0E71826607A7A00069112 /* DailyDiet.swift in Sources */ = {isa = PBXBuildFile; fileRef = 89B0E71726607A7A00069112 /* DailyDiet.swift */; };
		89B828652653D97E00D19D78 /* GoogleService-Info.plist in Resources */ = {isa = PBXBuildFile; fileRef = 89B828642653D97E00D19D78 /* GoogleService-Info.plist */; };
		89B828672653D9EF00D19D78 /* AppDelegate.swift in Sources */ = {isa = PBXBuildFile; fileRef = 89B828662653D9EF00D19D78 /* AppDelegate.swift */; };
		89BCA1BA2673E7870018E636 /* ImageToVideoRenderer.swift in Sources */ = {isa = PBXBuildFile; fileRef = 89BCA1B92673E7870018E636 /* ImageToVideoRenderer.swift */; };
		89BCA1C2267401650018E636 /* RankViewModel.swift in Sources */ = {isa = PBXBuildFile; fileRef = 89BCA1C1267401650018E636 /* RankViewModel.swift */; };
		89CFF1DC2619F81400182D1A /* Best_LifterApp.swift in Sources */ = {isa = PBXBuildFile; fileRef = 89CFF1DB2619F81400182D1A /* Best_LifterApp.swift */; };
		89CFF1DE2619F81400182D1A /* ContentView.swift in Sources */ = {isa = PBXBuildFile; fileRef = 89CFF1DD2619F81400182D1A /* ContentView.swift */; };
		89CFF1E02619F81500182D1A /* Assets.xcassets in Resources */ = {isa = PBXBuildFile; fileRef = 89CFF1DF2619F81500182D1A /* Assets.xcassets */; };
		89CFF1E32619F81500182D1A /* Preview Assets.xcassets in Resources */ = {isa = PBXBuildFile; fileRef = 89CFF1E22619F81500182D1A /* Preview Assets.xcassets */; };
		89CFF1E82619F81500182D1A /* Best_Lifter.xcdatamodeld in Sources */ = {isa = PBXBuildFile; fileRef = 89CFF1E62619F81500182D1A /* Best_Lifter.xcdatamodeld */; };
		89D4EDDC2663B134002706E3 /* Constant.swift in Sources */ = {isa = PBXBuildFile; fileRef = 89D4EDDB2663B134002706E3 /* Constant.swift */; };
		89DA50F4265EA1CE007A0A61 /* WorkoutViewModel.swift in Sources */ = {isa = PBXBuildFile; fileRef = 89DA50F3265EA1CE007A0A61 /* WorkoutViewModel.swift */; };
		89E2253C2648CC7400BCC794 /* RestTimer.swift in Sources */ = {isa = PBXBuildFile; fileRef = 89E2253B2648CC7400BCC794 /* RestTimer.swift */; };
		89F27339264FA999000BFA48 /* Best_LifterTests.swift in Sources */ = {isa = PBXBuildFile; fileRef = 89F27338264FA999000BFA48 /* Best_LifterTests.swift */; };
		89F27341264FAA57000BFA48 /* LocationManagerTest.swift in Sources */ = {isa = PBXBuildFile; fileRef = 89F27340264FAA57000BFA48 /* LocationManagerTest.swift */; };
/* End PBXBuildFile section */

/* Begin PBXContainerItemProxy section */
		89F2733B264FA999000BFA48 /* PBXContainerItemProxy */ = {
			isa = PBXContainerItemProxy;
			containerPortal = 89CFF1D02619F81400182D1A /* Project object */;
			proxyType = 1;
			remoteGlobalIDString = 89CFF1D72619F81400182D1A;
			remoteInfo = "Best Lifter";
		};
/* End PBXContainerItemProxy section */

/* Begin PBXFileReference section */
		2458475C2C2F212962F6320B /* Pods-Best Lifter.debug.xcconfig */ = {isa = PBXFileReference; includeInIndex = 1; lastKnownFileType = text.xcconfig; name = "Pods-Best Lifter.debug.xcconfig"; path = "Target Support Files/Pods-Best Lifter/Pods-Best Lifter.debug.xcconfig"; sourceTree = "<group>"; };
		4C27A70DF5E70D380147A912 /* Pods_Best_Lifter.framework */ = {isa = PBXFileReference; explicitFileType = wrapper.framework; includeInIndex = 0; path = Pods_Best_Lifter.framework; sourceTree = BUILT_PRODUCTS_DIR; };
		50746684E17AD52C77E3D5A3 /* Pods-Best Lifter.release.xcconfig */ = {isa = PBXFileReference; includeInIndex = 1; lastKnownFileType = text.xcconfig; name = "Pods-Best Lifter.release.xcconfig"; path = "Target Support Files/Pods-Best Lifter/Pods-Best Lifter.release.xcconfig"; sourceTree = "<group>"; };
		89089DD6263D3B1B008E3DD8 /* UserInfo.swift */ = {isa = PBXFileReference; lastKnownFileType = sourcecode.swift; path = UserInfo.swift; sourceTree = "<group>"; };
		89089DDA263D3C50008E3DD8 /* ProfileViewModel.swift */ = {isa = PBXFileReference; lastKnownFileType = sourcecode.swift; path = ProfileViewModel.swift; sourceTree = "<group>"; };
		89089DDF263D4312008E3DD8 /* RegisterInfo.swift */ = {isa = PBXFileReference; lastKnownFileType = sourcecode.swift; path = RegisterInfo.swift; sourceTree = "<group>"; };
		891873DF266D29DC00B41B6A /* RecordsView.swift */ = {isa = PBXFileReference; lastKnownFileType = sourcecode.swift; path = RecordsView.swift; sourceTree = "<group>"; };
		891873E1266D49BD00B41B6A /* BatPathAnalyser.swift */ = {isa = PBXFileReference; lastKnownFileType = sourcecode.swift; path = BatPathAnalyser.swift; sourceTree = "<group>"; };
		891873E3266D4A9000B41B6A /* MediaPicker.swift */ = {isa = PBXFileReference; lastKnownFileType = sourcecode.swift; path = MediaPicker.swift; sourceTree = "<group>"; };
		891873E7266D5A9F00B41B6A /* CommonTypes.swift */ = {isa = PBXFileReference; lastKnownFileType = sourcecode.swift; path = CommonTypes.swift; sourceTree = "<group>"; };
		891873E9266D5C0400B41B6A /* BatPathAnalyserViewModel.swift */ = {isa = PBXFileReference; lastKnownFileType = sourcecode.swift; path = BatPathAnalyserViewModel.swift; sourceTree = "<group>"; };
		892CB711264F8A72000D08F5 /* Network.swift */ = {isa = PBXFileReference; lastKnownFileType = sourcecode.swift; path = Network.swift; sourceTree = "<group>"; };
		892CB713264F8A95000D08F5 /* Location.swift */ = {isa = PBXFileReference; lastKnownFileType = sourcecode.swift; path = Location.swift; sourceTree = "<group>"; };
		89317E3C263BFD9400CCA7C9 /* Program.swift */ = {isa = PBXFileReference; lastKnownFileType = sourcecode.swift; path = Program.swift; sourceTree = "<group>"; };
		89408C3626812C3C00ABF422 /* BarChartView.swift */ = {isa = PBXFileReference; fileEncoding = 4; lastKnownFileType = sourcecode.swift; path = BarChartView.swift; sourceTree = "<group>"; };
		89408C3726812C3C00ABF422 /* BarChartRow.swift */ = {isa = PBXFileReference; fileEncoding = 4; lastKnownFileType = sourcecode.swift; path = BarChartRow.swift; sourceTree = "<group>"; };
		89408C3826812C3C00ABF422 /* LabelView.swift */ = {isa = PBXFileReference; fileEncoding = 4; lastKnownFileType = sourcecode.swift; path = LabelView.swift; sourceTree = "<group>"; };
		89408C3926812C3C00ABF422 /* BarChartCell.swift */ = {isa = PBXFileReference; fileEncoding = 4; lastKnownFileType = sourcecode.swift; path = BarChartCell.swift; sourceTree = "<group>"; };
		89408C3E26812C4400ABF422 /* Helpers.swift */ = {isa = PBXFileReference; fileEncoding = 4; lastKnownFileType = sourcecode.swift; path = Helpers.swift; sourceTree = "<group>"; };
		89408C4126812C4800ABF422 /* IndicatorPoint.swift */ = {isa = PBXFileReference; fileEncoding = 4; lastKnownFileType = sourcecode.swift; path = IndicatorPoint.swift; sourceTree = "<group>"; };
		89408C4226812C4800ABF422 /* LineView.swift */ = {isa = PBXFileReference; fileEncoding = 4; lastKnownFileType = sourcecode.swift; path = LineView.swift; sourceTree = "<group>"; };
		89408C4326812C4800ABF422 /* Legend.swift */ = {isa = PBXFileReference; fileEncoding = 4; lastKnownFileType = sourcecode.swift; path = Legend.swift; sourceTree = "<group>"; };
		89408C4426812C4800ABF422 /* LineChartView.swift */ = {isa = PBXFileReference; fileEncoding = 4; lastKnownFileType = sourcecode.swift; path = LineChartView.swift; sourceTree = "<group>"; };
		89408C4526812C4800ABF422 /* MagnifierRect.swift */ = {isa = PBXFileReference; fileEncoding = 4; lastKnownFileType = sourcecode.swift; path = MagnifierRect.swift; sourceTree = "<group>"; };
		89408C4626812C4800ABF422 /* Path+QuadCurve.swift */ = {isa = PBXFileReference; fileEncoding = 4; lastKnownFileType = sourcecode.swift; path = "Path+QuadCurve.swift"; sourceTree = "<group>"; };
		89408C4726812C4800ABF422 /* MultiLineChartView.swift */ = {isa = PBXFileReference; fileEncoding = 4; lastKnownFileType = sourcecode.swift; path = MultiLineChartView.swift; sourceTree = "<group>"; };
		89408C4826812C4800ABF422 /* Line.swift */ = {isa = PBXFileReference; fileEncoding = 4; lastKnownFileType = sourcecode.swift; path = Line.swift; sourceTree = "<group>"; };
		89408C5226812C4E00ABF422 /* PieChartRow.swift */ = {isa = PBXFileReference; fileEncoding = 4; lastKnownFileType = sourcecode.swift; path = PieChartRow.swift; sourceTree = "<group>"; };
		89408C5326812C4E00ABF422 /* PieChartHelpers.swift */ = {isa = PBXFileReference; fileEncoding = 4; lastKnownFileType = sourcecode.swift; path = PieChartHelpers.swift; sourceTree = "<group>"; };
		89408C5426812C4E00ABF422 /* PieChartCell.swift */ = {isa = PBXFileReference; fileEncoding = 4; lastKnownFileType = sourcecode.swift; path = PieChartCell.swift; sourceTree = "<group>"; };
		89408C5526812C4E00ABF422 /* PieChartView.swift */ = {isa = PBXFileReference; fileEncoding = 4; lastKnownFileType = sourcecode.swift; path = PieChartView.swift; sourceTree = "<group>"; };
		89423171262DB39700AA65A7 /* Profile.swift */ = {isa = PBXFileReference; lastKnownFileType = sourcecode.swift; path = Profile.swift; sourceTree = "<group>"; };
		89423174262DB39D00AA65A7 /* Workout.swift */ = {isa = PBXFileReference; lastKnownFileType = sourcecode.swift; path = Workout.swift; sourceTree = "<group>"; };
		89423177262DB3A100AA65A7 /* Diet.swift */ = {isa = PBXFileReference; lastKnownFileType = sourcecode.swift; path = Diet.swift; sourceTree = "<group>"; };
		8942317A262DB3A600AA65A7 /* Rank.swift */ = {isa = PBXFileReference; lastKnownFileType = sourcecode.swift; path = Rank.swift; sourceTree = "<group>"; };
		894AA7CB263FDEEC00C6A320 /* OnWorkoutViewModel.swift */ = {isa = PBXFileReference; lastKnownFileType = sourcecode.swift; path = OnWorkoutViewModel.swift; sourceTree = "<group>"; };
		895854962648D7820070EC43 /* OnDietViewModel.swift */ = {isa = PBXFileReference; lastKnownFileType = sourcecode.swift; path = OnDietViewModel.swift; sourceTree = "<group>"; };
		8958549826490B270070EC43 /* AddDiet.swift */ = {isa = PBXFileReference; lastKnownFileType = sourcecode.swift; path = AddDiet.swift; sourceTree = "<group>"; };
		896CC11B264516CF008DB9DC /* OnworkoutTimerModel.swift */ = {isa = PBXFileReference; lastKnownFileType = sourcecode.swift; path = OnworkoutTimerModel.swift; sourceTree = "<group>"; };
		89803F2C262DDF4500D4F7A8 /* OnWorkOut.swift */ = {isa = PBXFileReference; lastKnownFileType = sourcecode.swift; path = OnWorkOut.swift; sourceTree = "<group>"; };
		89808A00265E645A00DAB15D /* NetworkTest.swift */ = {isa = PBXFileReference; lastKnownFileType = sourcecode.swift; path = NetworkTest.swift; sourceTree = "<group>"; };
		8984C481261EAA1A00B1474C /* Main.swift */ = {isa = PBXFileReference; lastKnownFileType = sourcecode.swift; path = Main.swift; sourceTree = "<group>"; };
		89865DDE26301FCF006171DD /* OnDiet.swift */ = {isa = PBXFileReference; lastKnownFileType = sourcecode.swift; path = OnDiet.swift; sourceTree = "<group>"; };
		8987DB38264B7295006595EB /* DietViewModel.swift */ = {isa = PBXFileReference; lastKnownFileType = sourcecode.swift; path = DietViewModel.swift; sourceTree = "<group>"; };
		89A86508265AEA830005E4FC /* CoreDataManager.swift */ = {isa = PBXFileReference; lastKnownFileType = sourcecode.swift; path = CoreDataManager.swift; sourceTree = "<group>"; };
		89B0E715265FEE3C00069112 /* JSON.swift */ = {isa = PBXFileReference; lastKnownFileType = sourcecode.swift; path = JSON.swift; sourceTree = "<group>"; };
		89B0E71726607A7A00069112 /* DailyDiet.swift */ = {isa = PBXFileReference; lastKnownFileType = sourcecode.swift; path = DailyDiet.swift; sourceTree = "<group>"; };
		89B828642653D97E00D19D78 /* GoogleService-Info.plist */ = {isa = PBXFileReference; lastKnownFileType = text.plist; path = "GoogleService-Info.plist"; sourceTree = SOURCE_ROOT; };
		89B828662653D9EF00D19D78 /* AppDelegate.swift */ = {isa = PBXFileReference; lastKnownFileType = sourcecode.swift; path = AppDelegate.swift; sourceTree = "<group>"; };
		89BCA1B92673E7870018E636 /* ImageToVideoRenderer.swift */ = {isa = PBXFileReference; lastKnownFileType = sourcecode.swift; path = ImageToVideoRenderer.swift; sourceTree = "<group>"; };
		89BCA1C1267401650018E636 /* RankViewModel.swift */ = {isa = PBXFileReference; lastKnownFileType = sourcecode.swift; path = RankViewModel.swift; sourceTree = "<group>"; };
		89CFF1D82619F81400182D1A /* Best Lifter.app */ = {isa = PBXFileReference; explicitFileType = wrapper.application; includeInIndex = 0; path = "Best Lifter.app"; sourceTree = BUILT_PRODUCTS_DIR; };
		89CFF1DB2619F81400182D1A /* Best_LifterApp.swift */ = {isa = PBXFileReference; lastKnownFileType = sourcecode.swift; path = Best_LifterApp.swift; sourceTree = "<group>"; };
		89CFF1DD2619F81400182D1A /* ContentView.swift */ = {isa = PBXFileReference; lastKnownFileType = sourcecode.swift; path = ContentView.swift; sourceTree = "<group>"; };
		89CFF1DF2619F81500182D1A /* Assets.xcassets */ = {isa = PBXFileReference; lastKnownFileType = folder.assetcatalog; path = Assets.xcassets; sourceTree = "<group>"; };
		89CFF1E22619F81500182D1A /* Preview Assets.xcassets */ = {isa = PBXFileReference; lastKnownFileType = folder.assetcatalog; path = "Preview Assets.xcassets"; sourceTree = "<group>"; };
		89CFF1E72619F81500182D1A /* Best_Lifter.xcdatamodel */ = {isa = PBXFileReference; lastKnownFileType = wrapper.xcdatamodel; path = Best_Lifter.xcdatamodel; sourceTree = "<group>"; };
		89CFF1E92619F81500182D1A /* Info.plist */ = {isa = PBXFileReference; lastKnownFileType = text.plist.xml; path = Info.plist; sourceTree = "<group>"; };
		89D4EDDB2663B134002706E3 /* Constant.swift */ = {isa = PBXFileReference; lastKnownFileType = sourcecode.swift; path = Constant.swift; sourceTree = "<group>"; };
		89DA50F3265EA1CE007A0A61 /* WorkoutViewModel.swift */ = {isa = PBXFileReference; lastKnownFileType = sourcecode.swift; path = WorkoutViewModel.swift; sourceTree = "<group>"; };
		89E2253B2648CC7400BCC794 /* RestTimer.swift */ = {isa = PBXFileReference; lastKnownFileType = sourcecode.swift; path = RestTimer.swift; sourceTree = "<group>"; };
		89F27336264FA999000BFA48 /* Best LifterTests.xctest */ = {isa = PBXFileReference; explicitFileType = wrapper.cfbundle; includeInIndex = 0; path = "Best LifterTests.xctest"; sourceTree = BUILT_PRODUCTS_DIR; };
		89F27338264FA999000BFA48 /* Best_LifterTests.swift */ = {isa = PBXFileReference; lastKnownFileType = sourcecode.swift; path = Best_LifterTests.swift; sourceTree = "<group>"; };
		89F2733A264FA999000BFA48 /* Info.plist */ = {isa = PBXFileReference; lastKnownFileType = text.plist.xml; path = Info.plist; sourceTree = "<group>"; };
		89F27340264FAA57000BFA48 /* LocationManagerTest.swift */ = {isa = PBXFileReference; lastKnownFileType = sourcecode.swift; path = LocationManagerTest.swift; sourceTree = "<group>"; };
/* End PBXFileReference section */

/* Begin PBXFrameworksBuildPhase section */
		89CFF1D52619F81400182D1A /* Frameworks */ = {
			isa = PBXFrameworksBuildPhase;
			buildActionMask = 2147483647;
			files = (
				31E71F054DED916D97D7449D /* Pods_Best_Lifter.framework in Frameworks */,
			);
			runOnlyForDeploymentPostprocessing = 0;
		};
		89F27333264FA999000BFA48 /* Frameworks */ = {
			isa = PBXFrameworksBuildPhase;
			buildActionMask = 2147483647;
			files = (
			);
			runOnlyForDeploymentPostprocessing = 0;
		};
/* End PBXFrameworksBuildPhase section */

/* Begin PBXGroup section */
		3D4663E97E9F6C67E4529514 /* Frameworks */ = {
			isa = PBXGroup;
			children = (
				4C27A70DF5E70D380147A912 /* Pods_Best_Lifter.framework */,
			);
			name = Frameworks;
			sourceTree = "<group>";
		};
		58BE7442466451674676B4C7 /* Pods */ = {
			isa = PBXGroup;
			children = (
				2458475C2C2F212962F6320B /* Pods-Best Lifter.debug.xcconfig */,
				50746684E17AD52C77E3D5A3 /* Pods-Best Lifter.release.xcconfig */,
			);
			path = Pods;
			sourceTree = "<group>";
		};
		89089DD9263D3C3A008E3DD8 /* ViewModel */ = {
			isa = PBXGroup;
			children = (
				89089DDA263D3C50008E3DD8 /* ProfileViewModel.swift */,
				894AA7CB263FDEEC00C6A320 /* OnWorkoutViewModel.swift */,
				895854962648D7820070EC43 /* OnDietViewModel.swift */,
				8987DB38264B7295006595EB /* DietViewModel.swift */,
				89DA50F3265EA1CE007A0A61 /* WorkoutViewModel.swift */,
				891873E9266D5C0400B41B6A /* BatPathAnalyserViewModel.swift */,
				89BCA1C1267401650018E636 /* RankViewModel.swift */,
			);
			path = ViewModel;
			sourceTree = "<group>";
		};
		89089DDE263D42F9008E3DD8 /* Components */ = {
			isa = PBXGroup;
			children = (
				89089DDF263D4312008E3DD8 /* RegisterInfo.swift */,
				89E2253B2648CC7400BCC794 /* RestTimer.swift */,
				8958549826490B270070EC43 /* AddDiet.swift */,
				891873DF266D29DC00B41B6A /* RecordsView.swift */,
				891873E1266D49BD00B41B6A /* BatPathAnalyser.swift */,
			);
			path = Components;
			sourceTree = "<group>";
		};
		892CB710264F8A5E000D08F5 /* Support */ = {
			isa = PBXGroup;
			children = (
				899D94BE26694A8E0093B815 /* Charts */,
				892CB711264F8A72000D08F5 /* Network.swift */,
				892CB713264F8A95000D08F5 /* Location.swift */,
				89A86508265AEA830005E4FC /* CoreDataManager.swift */,
				89B0E715265FEE3C00069112 /* JSON.swift */,
				89D4EDDB2663B134002706E3 /* Constant.swift */,
				891873E3266D4A9000B41B6A /* MediaPicker.swift */,
				891873E7266D5A9F00B41B6A /* CommonTypes.swift */,
				89BCA1B92673E7870018E636 /* ImageToVideoRenderer.swift */,
			);
			path = Support;
			sourceTree = "<group>";
		};
		89408C3526812C3C00ABF422 /* BarChart */ = {
			isa = PBXGroup;
			children = (
				89408C3626812C3C00ABF422 /* BarChartView.swift */,
				89408C3726812C3C00ABF422 /* BarChartRow.swift */,
				89408C3826812C3C00ABF422 /* LabelView.swift */,
				89408C3926812C3C00ABF422 /* BarChartCell.swift */,
			);
			path = BarChart;
			sourceTree = "<group>";
		};
		89408C4026812C4800ABF422 /* LineChart */ = {
			isa = PBXGroup;
			children = (
				89408C4126812C4800ABF422 /* IndicatorPoint.swift */,
				89408C4226812C4800ABF422 /* LineView.swift */,
				89408C4326812C4800ABF422 /* Legend.swift */,
				89408C4426812C4800ABF422 /* LineChartView.swift */,
				89408C4526812C4800ABF422 /* MagnifierRect.swift */,
				89408C4626812C4800ABF422 /* Path+QuadCurve.swift */,
				89408C4726812C4800ABF422 /* MultiLineChartView.swift */,
				89408C4826812C4800ABF422 /* Line.swift */,
			);
			path = LineChart;
			sourceTree = "<group>";
		};
		89408C5126812C4E00ABF422 /* PieChart */ = {
			isa = PBXGroup;
			children = (
				89408C5226812C4E00ABF422 /* PieChartRow.swift */,
				89408C5326812C4E00ABF422 /* PieChartHelpers.swift */,
				89408C5426812C4E00ABF422 /* PieChartCell.swift */,
				89408C5526812C4E00ABF422 /* PieChartView.swift */,
			);
			path = PieChart;
			sourceTree = "<group>";
		};
		89423180262DB4A400AA65A7 /* View */ = {
			isa = PBXGroup;
			children = (
				8984C481261EAA1A00B1474C /* Main.swift */,
				89423171262DB39700AA65A7 /* Profile.swift */,
				89423174262DB39D00AA65A7 /* Workout.swift */,
				89423177262DB3A100AA65A7 /* Diet.swift */,
				8942317A262DB3A600AA65A7 /* Rank.swift */,
				89803F2C262DDF4500D4F7A8 /* OnWorkOut.swift */,
				89865DDE26301FCF006171DD /* OnDiet.swift */,
			);
			path = View;
			sourceTree = "<group>";
		};
		896CC11A264516BC008DB9DC /* Model */ = {
			isa = PBXGroup;
			children = (
				89317E3C263BFD9400CCA7C9 /* Program.swift */,
				89B0E71726607A7A00069112 /* DailyDiet.swift */,
				89089DD6263D3B1B008E3DD8 /* UserInfo.swift */,
				896CC11B264516CF008DB9DC /* OnworkoutTimerModel.swift */,
			);
			path = Model;
			sourceTree = "<group>";
		};
		899D94BE26694A8E0093B815 /* Charts */ = {
			isa = PBXGroup;
			children = (
				89408C5126812C4E00ABF422 /* PieChart */,
				89408C4026812C4800ABF422 /* LineChart */,
				89408C3E26812C4400ABF422 /* Helpers.swift */,
				89408C3526812C3C00ABF422 /* BarChart */,
			);
			path = Charts;
			sourceTree = "<group>";
		};
		89B0F05D263B23F400645FE2 /* Resources */ = {
			isa = PBXGroup;
			children = (
				89CFF1DF2619F81500182D1A /* Assets.xcassets */,
				89CFF1E62619F81500182D1A /* Best_Lifter.xcdatamodeld */,
				89B828642653D97E00D19D78 /* GoogleService-Info.plist */,
			);
			path = Resources;
			sourceTree = "<group>";
		};
		89CFF1CF2619F81400182D1A = {
			isa = PBXGroup;
			children = (
				89CFF1DA2619F81400182D1A /* Best Lifter */,
				89F27337264FA999000BFA48 /* Best LifterTests */,
				89CFF1D92619F81400182D1A /* Products */,
				58BE7442466451674676B4C7 /* Pods */,
				3D4663E97E9F6C67E4529514 /* Frameworks */,
			);
			sourceTree = "<group>";
		};
		89CFF1D92619F81400182D1A /* Products */ = {
			isa = PBXGroup;
			children = (
				89CFF1D82619F81400182D1A /* Best Lifter.app */,
				89F27336264FA999000BFA48 /* Best LifterTests.xctest */,
			);
			name = Products;
			sourceTree = "<group>";
		};
		89CFF1DA2619F81400182D1A /* Best Lifter */ = {
			isa = PBXGroup;
			children = (
				89CFF1E92619F81500182D1A /* Info.plist */,
				892CB710264F8A5E000D08F5 /* Support */,
				89E56721263ECA2300192283 /* System */,
				896CC11A264516BC008DB9DC /* Model */,
				89089DD9263D3C3A008E3DD8 /* ViewModel */,
				89089DDE263D42F9008E3DD8 /* Components */,
				89423180262DB4A400AA65A7 /* View */,
				89CFF1DB2619F81400182D1A /* Best_LifterApp.swift */,
				89CFF1DD2619F81400182D1A /* ContentView.swift */,
				89CFF1E12619F81500182D1A /* Preview Content */,
				89B0F05D263B23F400645FE2 /* Resources */,
			);
			path = "Best Lifter";
			sourceTree = "<group>";
		};
		89CFF1E12619F81500182D1A /* Preview Content */ = {
			isa = PBXGroup;
			children = (
				89CFF1E22619F81500182D1A /* Preview Assets.xcassets */,
			);
			path = "Preview Content";
			sourceTree = "<group>";
		};
		89E56721263ECA2300192283 /* System */ = {
			isa = PBXGroup;
			children = (
				89B828662653D9EF00D19D78 /* AppDelegate.swift */,
			);
			path = System;
			sourceTree = "<group>";
		};
		89F27337264FA999000BFA48 /* Best LifterTests */ = {
			isa = PBXGroup;
			children = (
				89F27338264FA999000BFA48 /* Best_LifterTests.swift */,
				89F27340264FAA57000BFA48 /* LocationManagerTest.swift */,
				89808A00265E645A00DAB15D /* NetworkTest.swift */,
				89F2733A264FA999000BFA48 /* Info.plist */,
			);
			path = "Best LifterTests";
			sourceTree = "<group>";
		};
/* End PBXGroup section */

/* Begin PBXNativeTarget section */
		89CFF1D72619F81400182D1A /* Best Lifter */ = {
			isa = PBXNativeTarget;
			buildConfigurationList = 89CFF1EC2619F81500182D1A /* Build configuration list for PBXNativeTarget "Best Lifter" */;
			buildPhases = (
				36BF00C2352658B8F0C03B2B /* [CP] Check Pods Manifest.lock */,
				89CFF1D42619F81400182D1A /* Sources */,
				89CFF1D52619F81400182D1A /* Frameworks */,
				89CFF1D62619F81400182D1A /* Resources */,
				552BB2B5362A0327414BCEA7 /* [CP] Embed Pods Frameworks */,
			);
			buildRules = (
			);
			dependencies = (
			);
			name = "Best Lifter";
			packageProductDependencies = (
			);
			productName = "Best Lifter";
			productReference = 89CFF1D82619F81400182D1A /* Best Lifter.app */;
			productType = "com.apple.product-type.application";
		};
		89F27335264FA999000BFA48 /* Best LifterTests */ = {
			isa = PBXNativeTarget;
			buildConfigurationList = 89F2733F264FA999000BFA48 /* Build configuration list for PBXNativeTarget "Best LifterTests" */;
			buildPhases = (
				89F27332264FA999000BFA48 /* Sources */,
				89F27333264FA999000BFA48 /* Frameworks */,
				89F27334264FA999000BFA48 /* Resources */,
			);
			buildRules = (
			);
			dependencies = (
				89F2733C264FA999000BFA48 /* PBXTargetDependency */,
			);
			name = "Best LifterTests";
			productName = "Best LifterTests";
			productReference = 89F27336264FA999000BFA48 /* Best LifterTests.xctest */;
			productType = "com.apple.product-type.bundle.unit-test";
		};
/* End PBXNativeTarget section */

/* Begin PBXProject section */
		89CFF1D02619F81400182D1A /* Project object */ = {
			isa = PBXProject;
			attributes = {
				LastSwiftUpdateCheck = 1250;
				LastUpgradeCheck = 1240;
				TargetAttributes = {
					89CFF1D72619F81400182D1A = {
						CreatedOnToolsVersion = 12.4;
						LastSwiftMigration = 1250;
					};
					89F27335264FA999000BFA48 = {
						CreatedOnToolsVersion = 12.5;
						TestTargetID = 89CFF1D72619F81400182D1A;
					};
				};
			};
			buildConfigurationList = 89CFF1D32619F81400182D1A /* Build configuration list for PBXProject "Best Lifter" */;
			compatibilityVersion = "Xcode 9.3";
			developmentRegion = en;
			hasScannedForEncodings = 0;
			knownRegions = (
				en,
				Base,
			);
			mainGroup = 89CFF1CF2619F81400182D1A;
			packageReferences = (
			);
			productRefGroup = 89CFF1D92619F81400182D1A /* Products */;
			projectDirPath = "";
			projectRoot = "";
			targets = (
				89CFF1D72619F81400182D1A /* Best Lifter */,
				89F27335264FA999000BFA48 /* Best LifterTests */,
			);
		};
/* End PBXProject section */

/* Begin PBXResourcesBuildPhase section */
		89CFF1D62619F81400182D1A /* Resources */ = {
			isa = PBXResourcesBuildPhase;
			buildActionMask = 2147483647;
			files = (
				89CFF1E32619F81500182D1A /* Preview Assets.xcassets in Resources */,
				89B828652653D97E00D19D78 /* GoogleService-Info.plist in Resources */,
				89CFF1E02619F81500182D1A /* Assets.xcassets in Resources */,
			);
			runOnlyForDeploymentPostprocessing = 0;
		};
		89F27334264FA999000BFA48 /* Resources */ = {
			isa = PBXResourcesBuildPhase;
			buildActionMask = 2147483647;
			files = (
			);
			runOnlyForDeploymentPostprocessing = 0;
		};
/* End PBXResourcesBuildPhase section */

/* Begin PBXShellScriptBuildPhase section */
		36BF00C2352658B8F0C03B2B /* [CP] Check Pods Manifest.lock */ = {
			isa = PBXShellScriptBuildPhase;
			buildActionMask = 2147483647;
			files = (
			);
			inputFileListPaths = (
			);
			inputPaths = (
				"${PODS_PODFILE_DIR_PATH}/Podfile.lock",
				"${PODS_ROOT}/Manifest.lock",
			);
			name = "[CP] Check Pods Manifest.lock";
			outputFileListPaths = (
			);
			outputPaths = (
				"$(DERIVED_FILE_DIR)/Pods-Best Lifter-checkManifestLockResult.txt",
			);
			runOnlyForDeploymentPostprocessing = 0;
			shellPath = /bin/sh;
			shellScript = "diff \"${PODS_PODFILE_DIR_PATH}/Podfile.lock\" \"${PODS_ROOT}/Manifest.lock\" > /dev/null\nif [ $? != 0 ] ; then\n    # print error to STDERR\n    echo \"error: The sandbox is not in sync with the Podfile.lock. Run 'pod install' or update your CocoaPods installation.\" >&2\n    exit 1\nfi\n# This output is used by Xcode 'outputs' to avoid re-running this script phase.\necho \"SUCCESS\" > \"${SCRIPT_OUTPUT_FILE_0}\"\n";
			showEnvVarsInLog = 0;
		};
		552BB2B5362A0327414BCEA7 /* [CP] Embed Pods Frameworks */ = {
			isa = PBXShellScriptBuildPhase;
			buildActionMask = 2147483647;
			files = (
			);
			inputFileListPaths = (
				"${PODS_ROOT}/Target Support Files/Pods-Best Lifter/Pods-Best Lifter-frameworks-${CONFIGURATION}-input-files.xcfilelist",
			);
			name = "[CP] Embed Pods Frameworks";
			outputFileListPaths = (
				"${PODS_ROOT}/Target Support Files/Pods-Best Lifter/Pods-Best Lifter-frameworks-${CONFIGURATION}-output-files.xcfilelist",
			);
			runOnlyForDeploymentPostprocessing = 0;
			shellPath = /bin/sh;
			shellScript = "\"${PODS_ROOT}/Target Support Files/Pods-Best Lifter/Pods-Best Lifter-frameworks.sh\"\n";
			showEnvVarsInLog = 0;
		};
/* End PBXShellScriptBuildPhase section */

/* Begin PBXSourcesBuildPhase section */
		89CFF1D42619F81400182D1A /* Sources */ = {
			isa = PBXSourcesBuildPhase;
			buildActionMask = 2147483647;
			files = (
				89317E3D263BFD9400CCA7C9 /* Program.swift in Sources */,
				89408C3C26812C3C00ABF422 /* LabelView.swift in Sources */,
				8984C482261EAA1A00B1474C /* Main.swift in Sources */,
				89408C3F26812C4400ABF422 /* Helpers.swift in Sources */,
				89408C4B26812C4800ABF422 /* Legend.swift in Sources */,
				89E2253C2648CC7400BCC794 /* RestTimer.swift in Sources */,
				891873E0266D29DC00B41B6A /* RecordsView.swift in Sources */,
				89CFF1DE2619F81400182D1A /* ContentView.swift in Sources */,
				8987DB39264B7295006595EB /* DietViewModel.swift in Sources */,
				89408C3D26812C3C00ABF422 /* BarChartCell.swift in Sources */,
				8942317B262DB3A600AA65A7 /* Rank.swift in Sources */,
				89408C5826812C4E00ABF422 /* PieChartCell.swift in Sources */,
				89B0E716265FEE3C00069112 /* JSON.swift in Sources */,
				89D4EDDC2663B134002706E3 /* Constant.swift in Sources */,
				89408C5626812C4E00ABF422 /* PieChartRow.swift in Sources */,
				89423175262DB39D00AA65A7 /* Workout.swift in Sources */,
				89423172262DB39700AA65A7 /* Profile.swift in Sources */,
				895854972648D7820070EC43 /* OnDietViewModel.swift in Sources */,
				891873E8266D5A9F00B41B6A /* CommonTypes.swift in Sources */,
				89803F2D262DDF4500D4F7A8 /* OnWorkOut.swift in Sources */,
				896CC11C264516CF008DB9DC /* OnworkoutTimerModel.swift in Sources */,
				891873E2266D49BD00B41B6A /* BatPathAnalyser.swift in Sources */,
				89B828672653D9EF00D19D78 /* AppDelegate.swift in Sources */,
				89BCA1BA2673E7870018E636 /* ImageToVideoRenderer.swift in Sources */,
				89CFF1DC2619F81400182D1A /* Best_LifterApp.swift in Sources */,
				89B0E71826607A7A00069112 /* DailyDiet.swift in Sources */,
				89DA50F4265EA1CE007A0A61 /* WorkoutViewModel.swift in Sources */,
				894AA7CC263FDEEC00C6A320 /* OnWorkoutViewModel.swift in Sources */,
				89408C5926812C4E00ABF422 /* PieChartView.swift in Sources */,
				891873EA266D5C0400B41B6A /* BatPathAnalyserViewModel.swift in Sources */,
				89408C4A26812C4800ABF422 /* LineView.swift in Sources */,
				89408C3A26812C3C00ABF422 /* BarChartView.swift in Sources */,
				892CB714264F8A95000D08F5 /* Location.swift in Sources */,
				89089DDB263D3C50008E3DD8 /* ProfileViewModel.swift in Sources */,
				89423178262DB3A100AA65A7 /* Diet.swift in Sources */,
				89408C3B26812C3C00ABF422 /* BarChartRow.swift in Sources */,
				89408C4D26812C4800ABF422 /* MagnifierRect.swift in Sources */,
				89A86509265AEA830005E4FC /* CoreDataManager.swift in Sources */,
				892CB712264F8A72000D08F5 /* Network.swift in Sources */,
				89408C4C26812C4800ABF422 /* LineChartView.swift in Sources */,
				89865DDF26301FCF006171DD /* OnDiet.swift in Sources */,
				89408C4926812C4800ABF422 /* IndicatorPoint.swift in Sources */,
				89408C4E26812C4800ABF422 /* Path+QuadCurve.swift in Sources */,
				89089DD7263D3B1B008E3DD8 /* UserInfo.swift in Sources */,
				89408C4F26812C4800ABF422 /* MultiLineChartView.swift in Sources */,
				89089DE0263D4312008E3DD8 /* RegisterInfo.swift in Sources */,
				89CFF1E82619F81500182D1A /* Best_Lifter.xcdatamodeld in Sources */,
				89408C5726812C4E00ABF422 /* PieChartHelpers.swift in Sources */,
				891873E4266D4A9000B41B6A /* MediaPicker.swift in Sources */,
				89408C5026812C4800ABF422 /* Line.swift in Sources */,
				89BCA1C2267401650018E636 /* RankViewModel.swift in Sources */,
				8958549926490B270070EC43 /* AddDiet.swift in Sources */,
			);
			runOnlyForDeploymentPostprocessing = 0;
		};
		89F27332264FA999000BFA48 /* Sources */ = {
			isa = PBXSourcesBuildPhase;
			buildActionMask = 2147483647;
			files = (
				89F27341264FAA57000BFA48 /* LocationManagerTest.swift in Sources */,
				89808A01265E645A00DAB15D /* NetworkTest.swift in Sources */,
				89F27339264FA999000BFA48 /* Best_LifterTests.swift in Sources */,
			);
			runOnlyForDeploymentPostprocessing = 0;
		};
/* End PBXSourcesBuildPhase section */

/* Begin PBXTargetDependency section */
		89F2733C264FA999000BFA48 /* PBXTargetDependency */ = {
			isa = PBXTargetDependency;
			target = 89CFF1D72619F81400182D1A /* Best Lifter */;
			targetProxy = 89F2733B264FA999000BFA48 /* PBXContainerItemProxy */;
		};
/* End PBXTargetDependency section */

/* Begin XCBuildConfiguration section */
		89CFF1EA2619F81500182D1A /* Debug */ = {
			isa = XCBuildConfiguration;
			buildSettings = {
				ALWAYS_SEARCH_USER_PATHS = NO;
				CLANG_ANALYZER_NONNULL = YES;
				CLANG_ANALYZER_NUMBER_OBJECT_CONVERSION = YES_AGGRESSIVE;
				CLANG_CXX_LANGUAGE_STANDARD = "gnu++14";
				CLANG_CXX_LIBRARY = "libc++";
				CLANG_ENABLE_MODULES = YES;
				CLANG_ENABLE_OBJC_ARC = YES;
				CLANG_ENABLE_OBJC_WEAK = YES;
				CLANG_WARN_BLOCK_CAPTURE_AUTORELEASING = YES;
				CLANG_WARN_BOOL_CONVERSION = YES;
				CLANG_WARN_COMMA = YES;
				CLANG_WARN_CONSTANT_CONVERSION = YES;
				CLANG_WARN_DEPRECATED_OBJC_IMPLEMENTATIONS = YES;
				CLANG_WARN_DIRECT_OBJC_ISA_USAGE = YES_ERROR;
				CLANG_WARN_DOCUMENTATION_COMMENTS = YES;
				CLANG_WARN_EMPTY_BODY = YES;
				CLANG_WARN_ENUM_CONVERSION = YES;
				CLANG_WARN_INFINITE_RECURSION = YES;
				CLANG_WARN_INT_CONVERSION = YES;
				CLANG_WARN_NON_LITERAL_NULL_CONVERSION = YES;
				CLANG_WARN_OBJC_IMPLICIT_RETAIN_SELF = YES;
				CLANG_WARN_OBJC_LITERAL_CONVERSION = YES;
				CLANG_WARN_OBJC_ROOT_CLASS = YES_ERROR;
				CLANG_WARN_QUOTED_INCLUDE_IN_FRAMEWORK_HEADER = YES;
				CLANG_WARN_RANGE_LOOP_ANALYSIS = YES;
				CLANG_WARN_STRICT_PROTOTYPES = YES;
				CLANG_WARN_SUSPICIOUS_MOVE = YES;
				CLANG_WARN_UNGUARDED_AVAILABILITY = YES_AGGRESSIVE;
				CLANG_WARN_UNREACHABLE_CODE = YES;
				CLANG_WARN__DUPLICATE_METHOD_MATCH = YES;
				COPY_PHASE_STRIP = NO;
				DEBUG_INFORMATION_FORMAT = dwarf;
				ENABLE_STRICT_OBJC_MSGSEND = YES;
				ENABLE_TESTABILITY = YES;
				GCC_C_LANGUAGE_STANDARD = gnu11;
				GCC_DYNAMIC_NO_PIC = NO;
				GCC_NO_COMMON_BLOCKS = YES;
				GCC_OPTIMIZATION_LEVEL = 0;
				GCC_PREPROCESSOR_DEFINITIONS = (
					"DEBUG=1",
					"$(inherited)",
				);
				GCC_WARN_64_TO_32_BIT_CONVERSION = YES;
				GCC_WARN_ABOUT_RETURN_TYPE = YES_ERROR;
				GCC_WARN_UNDECLARED_SELECTOR = YES;
				GCC_WARN_UNINITIALIZED_AUTOS = YES_AGGRESSIVE;
				GCC_WARN_UNUSED_FUNCTION = YES;
				GCC_WARN_UNUSED_VARIABLE = YES;
				IPHONEOS_DEPLOYMENT_TARGET = 14.4;
				MTL_ENABLE_DEBUG_INFO = INCLUDE_SOURCE;
				MTL_FAST_MATH = YES;
				ONLY_ACTIVE_ARCH = YES;
				SDKROOT = iphoneos;
				SWIFT_ACTIVE_COMPILATION_CONDITIONS = DEBUG;
				SWIFT_OBJC_BRIDGING_HEADER = "";
				SWIFT_OPTIMIZATION_LEVEL = "-Onone";
			};
			name = Debug;
		};
		89CFF1EB2619F81500182D1A /* Release */ = {
			isa = XCBuildConfiguration;
			buildSettings = {
				ALWAYS_SEARCH_USER_PATHS = NO;
				CLANG_ANALYZER_NONNULL = YES;
				CLANG_ANALYZER_NUMBER_OBJECT_CONVERSION = YES_AGGRESSIVE;
				CLANG_CXX_LANGUAGE_STANDARD = "gnu++14";
				CLANG_CXX_LIBRARY = "libc++";
				CLANG_ENABLE_MODULES = YES;
				CLANG_ENABLE_OBJC_ARC = YES;
				CLANG_ENABLE_OBJC_WEAK = YES;
				CLANG_WARN_BLOCK_CAPTURE_AUTORELEASING = YES;
				CLANG_WARN_BOOL_CONVERSION = YES;
				CLANG_WARN_COMMA = YES;
				CLANG_WARN_CONSTANT_CONVERSION = YES;
				CLANG_WARN_DEPRECATED_OBJC_IMPLEMENTATIONS = YES;
				CLANG_WARN_DIRECT_OBJC_ISA_USAGE = YES_ERROR;
				CLANG_WARN_DOCUMENTATION_COMMENTS = YES;
				CLANG_WARN_EMPTY_BODY = YES;
				CLANG_WARN_ENUM_CONVERSION = YES;
				CLANG_WARN_INFINITE_RECURSION = YES;
				CLANG_WARN_INT_CONVERSION = YES;
				CLANG_WARN_NON_LITERAL_NULL_CONVERSION = YES;
				CLANG_WARN_OBJC_IMPLICIT_RETAIN_SELF = YES;
				CLANG_WARN_OBJC_LITERAL_CONVERSION = YES;
				CLANG_WARN_OBJC_ROOT_CLASS = YES_ERROR;
				CLANG_WARN_QUOTED_INCLUDE_IN_FRAMEWORK_HEADER = YES;
				CLANG_WARN_RANGE_LOOP_ANALYSIS = YES;
				CLANG_WARN_STRICT_PROTOTYPES = YES;
				CLANG_WARN_SUSPICIOUS_MOVE = YES;
				CLANG_WARN_UNGUARDED_AVAILABILITY = YES_AGGRESSIVE;
				CLANG_WARN_UNREACHABLE_CODE = YES;
				CLANG_WARN__DUPLICATE_METHOD_MATCH = YES;
				COPY_PHASE_STRIP = NO;
				DEBUG_INFORMATION_FORMAT = "dwarf-with-dsym";
				ENABLE_NS_ASSERTIONS = NO;
				ENABLE_STRICT_OBJC_MSGSEND = YES;
				GCC_C_LANGUAGE_STANDARD = gnu11;
				GCC_NO_COMMON_BLOCKS = YES;
				GCC_WARN_64_TO_32_BIT_CONVERSION = YES;
				GCC_WARN_ABOUT_RETURN_TYPE = YES_ERROR;
				GCC_WARN_UNDECLARED_SELECTOR = YES;
				GCC_WARN_UNINITIALIZED_AUTOS = YES_AGGRESSIVE;
				GCC_WARN_UNUSED_FUNCTION = YES;
				GCC_WARN_UNUSED_VARIABLE = YES;
				IPHONEOS_DEPLOYMENT_TARGET = 14.4;
				MTL_ENABLE_DEBUG_INFO = NO;
				MTL_FAST_MATH = YES;
				SDKROOT = iphoneos;
				SWIFT_COMPILATION_MODE = wholemodule;
				SWIFT_OBJC_BRIDGING_HEADER = "";
				SWIFT_OPTIMIZATION_LEVEL = "-O";
				VALIDATE_PRODUCT = YES;
			};
			name = Release;
		};
		89CFF1ED2619F81500182D1A /* Debug */ = {
			isa = XCBuildConfiguration;
			baseConfigurationReference = 2458475C2C2F212962F6320B /* Pods-Best Lifter.debug.xcconfig */;
			buildSettings = {
				ASSETCATALOG_COMPILER_APPICON_NAME = AppIcon;
				ASSETCATALOG_COMPILER_GLOBAL_ACCENT_COLOR_NAME = AccentColor;
				CLANG_ENABLE_MODULES = YES;
				CODE_SIGN_STYLE = Automatic;
				DEVELOPMENT_ASSET_PATHS = "\"Best Lifter/Preview Content\"";
				DEVELOPMENT_TEAM = UYMD8GPDBW;
				ENABLE_PREVIEWS = YES;
				FRAMEWORK_SEARCH_PATHS = (
					"$(inherited)",
					"$(PROJECT_DIR)",
					"$(PROJECT_DIR)/OpenCV",
				);
				INFOPLIST_FILE = "Best Lifter/Info.plist";
				IPHONEOS_DEPLOYMENT_TARGET = 14.0;
				LD_RUNPATH_SEARCH_PATHS = (
					"$(inherited)",
					"@executable_path/Frameworks",
				);
				PRODUCT_BUNDLE_IDENTIFIER = "Suyeong.Best-Lifter";
				PRODUCT_NAME = "$(TARGET_NAME)";
				SWIFT_OBJC_BRIDGING_HEADER = "";
				SWIFT_OPTIMIZATION_LEVEL = "-Onone";
				SWIFT_VERSION = 5.0;
				TARGETED_DEVICE_FAMILY = 1;
			};
			name = Debug;
		};
		89CFF1EE2619F81500182D1A /* Release */ = {
			isa = XCBuildConfiguration;
			baseConfigurationReference = 50746684E17AD52C77E3D5A3 /* Pods-Best Lifter.release.xcconfig */;
			buildSettings = {
				ASSETCATALOG_COMPILER_APPICON_NAME = AppIcon;
				ASSETCATALOG_COMPILER_GLOBAL_ACCENT_COLOR_NAME = AccentColor;
				CLANG_ENABLE_MODULES = YES;
				CODE_SIGN_STYLE = Automatic;
				DEVELOPMENT_ASSET_PATHS = "\"Best Lifter/Preview Content\"";
				DEVELOPMENT_TEAM = UYMD8GPDBW;
				ENABLE_PREVIEWS = YES;
				FRAMEWORK_SEARCH_PATHS = (
					"$(inherited)",
					"$(PROJECT_DIR)",
					"$(PROJECT_DIR)/OpenCV",
				);
				INFOPLIST_FILE = "Best Lifter/Info.plist";
				IPHONEOS_DEPLOYMENT_TARGET = 14.0;
				LD_RUNPATH_SEARCH_PATHS = (
					"$(inherited)",
					"@executable_path/Frameworks",
				);
				PRODUCT_BUNDLE_IDENTIFIER = "Suyeong.Best-Lifter";
				PRODUCT_NAME = "$(TARGET_NAME)";
				SWIFT_OBJC_BRIDGING_HEADER = "";
				SWIFT_VERSION = 5.0;
				TARGETED_DEVICE_FAMILY = 1;
			};
			name = Release;
		};
		89F2733D264FA999000BFA48 /* Debug */ = {
			isa = XCBuildConfiguration;
			buildSettings = {
				BUNDLE_LOADER = "$(TEST_HOST)";
				CODE_SIGN_STYLE = Automatic;
				DEVELOPMENT_TEAM = UYMD8GPDBW;
				INFOPLIST_FILE = "Best LifterTests/Info.plist";
				IPHONEOS_DEPLOYMENT_TARGET = 14.5;
				LD_RUNPATH_SEARCH_PATHS = (
					"$(inherited)",
					"@executable_path/Frameworks",
					"@loader_path/Frameworks",
				);
				PRODUCT_BUNDLE_IDENTIFIER = "Suyeong.Best-LifterTests";
				PRODUCT_NAME = "$(TARGET_NAME)";
				SWIFT_VERSION = 5.0;
				TARGETED_DEVICE_FAMILY = "1,2";
				TEST_HOST = "$(BUILT_PRODUCTS_DIR)/Best Lifter.app/Best Lifter";
			};
			name = Debug;
		};
		89F2733E264FA999000BFA48 /* Release */ = {
			isa = XCBuildConfiguration;
			buildSettings = {
				BUNDLE_LOADER = "$(TEST_HOST)";
				CODE_SIGN_STYLE = Automatic;
				DEVELOPMENT_TEAM = UYMD8GPDBW;
				INFOPLIST_FILE = "Best LifterTests/Info.plist";
				IPHONEOS_DEPLOYMENT_TARGET = 14.5;
				LD_RUNPATH_SEARCH_PATHS = (
					"$(inherited)",
					"@executable_path/Frameworks",
					"@loader_path/Frameworks",
				);
				PRODUCT_BUNDLE_IDENTIFIER = "Suyeong.Best-LifterTests";
				PRODUCT_NAME = "$(TARGET_NAME)";
				SWIFT_VERSION = 5.0;
				TARGETED_DEVICE_FAMILY = "1,2";
				TEST_HOST = "$(BUILT_PRODUCTS_DIR)/Best Lifter.app/Best Lifter";
			};
			name = Release;
		};
/* End XCBuildConfiguration section */

/* Begin XCConfigurationList section */
		89CFF1D32619F81400182D1A /* Build configuration list for PBXProject "Best Lifter" */ = {
			isa = XCConfigurationList;
			buildConfigurations = (
				89CFF1EA2619F81500182D1A /* Debug */,
				89CFF1EB2619F81500182D1A /* Release */,
			);
			defaultConfigurationIsVisible = 0;
			defaultConfigurationName = Release;
		};
		89CFF1EC2619F81500182D1A /* Build configuration list for PBXNativeTarget "Best Lifter" */ = {
			isa = XCConfigurationList;
			buildConfigurations = (
				89CFF1ED2619F81500182D1A /* Debug */,
				89CFF1EE2619F81500182D1A /* Release */,
			);
			defaultConfigurationIsVisible = 0;
			defaultConfigurationName = Release;
		};
		89F2733F264FA999000BFA48 /* Build configuration list for PBXNativeTarget "Best LifterTests" */ = {
			isa = XCConfigurationList;
			buildConfigurations = (
				89F2733D264FA999000BFA48 /* Debug */,
				89F2733E264FA999000BFA48 /* Release */,
			);
			defaultConfigurationIsVisible = 0;
			defaultConfigurationName = Release;
		};
/* End XCConfigurationList section */

/* Begin XCVersionGroup section */
		89CFF1E62619F81500182D1A /* Best_Lifter.xcdatamodeld */ = {
			isa = XCVersionGroup;
			children = (
				89CFF1E72619F81500182D1A /* Best_Lifter.xcdatamodel */,
			);
			currentVersion = 89CFF1E72619F81500182D1A /* Best_Lifter.xcdatamodel */;
			path = Best_Lifter.xcdatamodeld;
			sourceTree = "<group>";
			versionGroupType = wrapper.xcdatamodel;
		};
/* End XCVersionGroup section */
	};
	rootObject = 89CFF1D02619F81400182D1A /* Project object */;
}
